
Microsoft Visual Studio Solution File, Format Version 12.00
# Visual Studio Version 17
VisualStudioVersion = 17.14.36511.14
MinimumVisualStudioVersion = 10.0.40219.1
Project("{FAE04EC0-301F-11D3-BF4B-00C04F79EFBC}") = "AtmMonitor.API", "src\AtmMonitor.API\AtmMonitor.API.csproj", "{3740F534-FA54-4118-867D-6A6DC6E89CC3}"
EndProject
Project("{FAE04EC0-301F-11D3-BF4B-00C04F79EFBC}") = "AtmMonitor.Core", "src\AtmMonitor.Core\AtmMonitor.Core.csproj", "{FF3FE511-C2AF-484A-B9B5-BDADBFBC493C}"
EndProject
Project("{FAE04EC0-301F-11D3-BF4B-00C04F79EFBC}") = "AtmMonitor.Infrastructure", "src\AtmMonitor.Infrastructure\AtmMonitor.Infrastructure.csproj", "{7145F37F-931D-4CAB-AE32-1E5514341510}"
EndProject
Global
	GlobalSection(SolutionConfigurationPlatforms) = preSolution
		Debug|Any CPU = Debug|Any CPU
		Release|Any CPU = Release|Any CPU
	EndGlobalSection
	GlobalSection(ProjectConfigurationPlatforms) = postSolution
		{3740F534-FA54-4118-867D-6A6DC6E89CC3}.Debug|Any CPU.ActiveCfg = Debug|Any CPU
		{3740F534-FA54-4118-867D-6A6DC6E89CC3}.Debug|Any CPU.Build.0 = Debug|Any CPU
		{3740F534-FA54-4118-867D-6A6DC6E89CC3}.Release|Any CPU.ActiveCfg = Release|Any CPU
		{3740F534-FA54-4118-867D-6A6DC6E89CC3}.Release|Any CPU.Build.0 = Release|Any CPU
		{FF3FE511-C2AF-484A-B9B5-BDADBFBC493C}.Debug|Any CPU.ActiveCfg = Debug|Any CPU
		{FF3FE511-C2AF-484A-B9B5-BDADBFBC493C}.Debug|Any CPU.Build.0 = Debug|Any CPU
		{FF3FE511-C2AF-484A-B9B5-BDADBFBC493C}.Release|Any CPU.ActiveCfg = Release|Any CPU
		{FF3FE511-C2AF-484A-B9B5-BDADBFBC493C}.Release|Any CPU.Build.0 = Release|Any CPU
		{7145F37F-931D-4CAB-AE32-1E5514341510}.Debug|Any CPU.ActiveCfg = Debug|Any CPU
		{7145F37F-931D-4CAB-AE32-1E5514341510}.Debug|Any CPU.Build.0 = Debug|Any CPU
		{7145F37F-931D-4CAB-AE32-1E5514341510}.Release|Any CPU.ActiveCfg = Release|Any CPU
		{7145F37F-931D-4CAB-AE32-1E5514341510}.Release|Any CPU.Build.0 = Release|Any CPU
	EndGlobalSection
	GlobalSection(SolutionProperties) = preSolution
		HideSolutionNode = FALSE
	EndGlobalSection
	GlobalSection(ExtensibilityGlobals) = postSolution
		SolutionGuid = {2B9B8963-0158-4D32-81E7-313C17FB2545}
	EndGlobalSection
EndGlobal
